// !$*UTF8*$!
{
	archiveVersion = 1;
	classes = {
	};
	objectVersion = 46;
	objects = {

/* Begin PBXBuildFile section */
		2596A0FBCA42224A1333B058 /* libPods-CoffeeMeetsBagelTests.a in Frameworks */ = {isa = PBXBuildFile; fileRef = B2FE943B319F2926D98313FE /* libPods-CoffeeMeetsBagelTests.a */; };
		265111F70000255D7BAAC896 /* libPods-CoffeeMeetsBagelUITests.a in Frameworks */ = {isa = PBXBuildFile; fileRef = BE17BAB717A7AA6E3B953286 /* libPods-CoffeeMeetsBagelUITests.a */; };
		6492BE683277D7BB38237829 /* libPods-CoffeeMeetsBagel.a in Frameworks */ = {isa = PBXBuildFile; fileRef = 3414ED230362A06A67EF80F1 /* libPods-CoffeeMeetsBagel.a */; };
		7B32751C1DDE0B3A00B9AC22 /* main.m in Sources */ = {isa = PBXBuildFile; fileRef = 7B32751B1DDE0B3A00B9AC22 /* main.m */; };
		7B32751F1DDE0B3A00B9AC22 /* AppDelegate.m in Sources */ = {isa = PBXBuildFile; fileRef = 7B32751E1DDE0B3A00B9AC22 /* AppDelegate.m */; };
		7B3275251DDE0B3A00B9AC22 /* Main.storyboard in Resources */ = {isa = PBXBuildFile; fileRef = 7B3275231DDE0B3A00B9AC22 /* Main.storyboard */; };
		7B32752A1DDE0B3A00B9AC22 /* Assets.xcassets in Resources */ = {isa = PBXBuildFile; fileRef = 7B3275291DDE0B3A00B9AC22 /* Assets.xcassets */; };
		7B32752D1DDE0B3A00B9AC22 /* LaunchScreen.storyboard in Resources */ = {isa = PBXBuildFile; fileRef = 7B32752B1DDE0B3A00B9AC22 /* LaunchScreen.storyboard */; };
		7B3275381DDE0B3A00B9AC22 /* CoffeeMeetsBagelTests.m in Sources */ = {isa = PBXBuildFile; fileRef = 7B3275371DDE0B3A00B9AC22 /* CoffeeMeetsBagelTests.m */; };
		7B3275431DDE0B3A00B9AC22 /* CoffeeMeetsBagelUITests.m in Sources */ = {isa = PBXBuildFile; fileRef = 7B3275421DDE0B3A00B9AC22 /* CoffeeMeetsBagelUITests.m */; };
		7B32755C1DDE0D4C00B9AC22 /* TeamFeedViewController.m in Sources */ = {isa = PBXBuildFile; fileRef = 7B32755B1DDE0D4C00B9AC22 /* TeamFeedViewController.m */; };
		7B32755F1DDE0D7200B9AC22 /* CBCoredataStack.m in Sources */ = {isa = PBXBuildFile; fileRef = 7B32755E1DDE0D7200B9AC22 /* CBCoredataStack.m */; };
		7B3275621DDE102900B9AC22 /* CoreData.framework in Frameworks */ = {isa = PBXBuildFile; fileRef = 7B3275611DDE102900B9AC22 /* CoreData.framework */; };
		7B32756E1DDE295C00B9AC22 /* CBTeamMember.m in Sources */ = {isa = PBXBuildFile; fileRef = 7B32756B1DDE295C00B9AC22 /* CBTeamMember.m */; };
		7B32756F1DDE295C00B9AC22 /* CBTeamMember+CoreDataProperties.m in Sources */ = {isa = PBXBuildFile; fileRef = 7B32756D1DDE295C00B9AC22 /* CBTeamMember+CoreDataProperties.m */; };
		7B3275701DDE2BD500B9AC22 /* CoffeeMeetsBagel.xcdatamodeld in Sources */ = {isa = PBXBuildFile; fileRef = 7B3275261DDE0B3A00B9AC22 /* CoffeeMeetsBagel.xcdatamodeld */; };
		7B79285B1DDF5A8F0033E291 /* DetailViewController.m in Sources */ = {isa = PBXBuildFile; fileRef = 7B79285A1DDF5A8F0033E291 /* DetailViewController.m */; };
		7B79285E1DDF7B310033E291 /* CBAvatarView.m in Sources */ = {isa = PBXBuildFile; fileRef = 7B79285D1DDF7B310033E291 /* CBAvatarView.m */; };
		7B7928611DDFA7430033E291 /* DetailInfoView.m in Sources */ = {isa = PBXBuildFile; fileRef = 7B7928601DDFA7430033E291 /* DetailInfoView.m */; };
		7B7928641DDFA9300033E291 /* UILabel+Addition.m in Sources */ = {isa = PBXBuildFile; fileRef = 7B7928631DDFA9300033E291 /* UILabel+Addition.m */; };
		7B7928671DDFABC30033E291 /* UITextView+Additions.m in Sources */ = {isa = PBXBuildFile; fileRef = 7B7928661DDFABC30033E291 /* UITextView+Additions.m */; };
		7B79286A1DDFC1AC0033E291 /* UIFont+Additions.m in Sources */ = {isa = PBXBuildFile; fileRef = 7B7928691DDFC1AC0033E291 /* UIFont+Additions.m */; };
		7B8C03DC1DDE30F00089FDC8 /* team.json in Resources */ = {isa = PBXBuildFile; fileRef = 7B8C03DB1DDE30F00089FDC8 /* team.json */; };
		7B8C03E01DDE38D50089FDC8 /* Common.m in Sources */ = {isa = PBXBuildFile; fileRef = 7B8C03DF1DDE38D50089FDC8 /* Common.m */; };
		7B8C03E41DDE3BA80089FDC8 /* CommonUI.m in Sources */ = {isa = PBXBuildFile; fileRef = 7B8C03E31DDE3BA80089FDC8 /* CommonUI.m */; };
		7B8C03E71DDE3D0B0089FDC8 /* CustomToolbar.m in Sources */ = {isa = PBXBuildFile; fileRef = 7B8C03E61DDE3D0B0089FDC8 /* CustomToolbar.m */; };
		7B8C03EA1DDE42560089FDC8 /* UICollectionView+Addition.m in Sources */ = {isa = PBXBuildFile; fileRef = 7B8C03E91DDE42560089FDC8 /* UICollectionView+Addition.m */; };
		7B8C03EE1DDE79BD0089FDC8 /* CBAPI.m in Sources */ = {isa = PBXBuildFile; fileRef = 7B8C03ED1DDE79BD0089FDC8 /* CBAPI.m */; };
		7B8C03F11DDE7CA40089FDC8 /* GridCollectionViewCell.m in Sources */ = {isa = PBXBuildFile; fileRef = 7B8C03F01DDE7CA40089FDC8 /* GridCollectionViewCell.m */; };
		7B8C03F51DDE80CC0089FDC8 /* GridLayout.m in Sources */ = {isa = PBXBuildFile; fileRef = 7B8C03F41DDE80CC0089FDC8 /* GridLayout.m */; };
/* End PBXBuildFile section */

/* Begin PBXContainerItemProxy section */
		7B3275341DDE0B3A00B9AC22 /* PBXContainerItemProxy */ = {
			isa = PBXContainerItemProxy;
			containerPortal = 7B32750F1DDE0B3A00B9AC22 /* Project object */;
			proxyType = 1;
			remoteGlobalIDString = 7B3275161DDE0B3A00B9AC22;
			remoteInfo = CoffeeMeetsBagel;
		};
		7B32753F1DDE0B3A00B9AC22 /* PBXContainerItemProxy */ = {
			isa = PBXContainerItemProxy;
			containerPortal = 7B32750F1DDE0B3A00B9AC22 /* Project object */;
			proxyType = 1;
			remoteGlobalIDString = 7B3275161DDE0B3A00B9AC22;
			remoteInfo = CoffeeMeetsBagel;
		};
/* End PBXContainerItemProxy section */

/* Begin PBXFileReference section */
		1BD44A20B432C59EF90C19A5 /* Pods-CoffeeMeetsBagelTests.debug.xcconfig */ = {isa = PBXFileReference; includeInIndex = 1; lastKnownFileType = text.xcconfig; name = "Pods-CoffeeMeetsBagelTests.debug.xcconfig"; path = "Pods/Target Support Files/Pods-CoffeeMeetsBagelTests/Pods-CoffeeMeetsBagelTests.debug.xcconfig"; sourceTree = "<group>"; };
		1D492C3232F71DB2614BC682 /* Pods-CoffeeMeetsBagel.debug.xcconfig */ = {isa = PBXFileReference; includeInIndex = 1; lastKnownFileType = text.xcconfig; name = "Pods-CoffeeMeetsBagel.debug.xcconfig"; path = "Pods/Target Support Files/Pods-CoffeeMeetsBagel/Pods-CoffeeMeetsBagel.debug.xcconfig"; sourceTree = "<group>"; };
		3414ED230362A06A67EF80F1 /* libPods-CoffeeMeetsBagel.a */ = {isa = PBXFileReference; explicitFileType = archive.ar; includeInIndex = 0; path = "libPods-CoffeeMeetsBagel.a"; sourceTree = BUILT_PRODUCTS_DIR; };
		3ABF01AFF0D8B9E913F0FDDF /* Pods-CoffeeMeetsBagelTests.release.xcconfig */ = {isa = PBXFileReference; includeInIndex = 1; lastKnownFileType = text.xcconfig; name = "Pods-CoffeeMeetsBagelTests.release.xcconfig"; path = "Pods/Target Support Files/Pods-CoffeeMeetsBagelTests/Pods-CoffeeMeetsBagelTests.release.xcconfig"; sourceTree = "<group>"; };
		7B3275171DDE0B3A00B9AC22 /* CoffeeMeetsBagel.app */ = {isa = PBXFileReference; explicitFileType = wrapper.application; includeInIndex = 0; path = CoffeeMeetsBagel.app; sourceTree = BUILT_PRODUCTS_DIR; };
		7B32751B1DDE0B3A00B9AC22 /* main.m */ = {isa = PBXFileReference; lastKnownFileType = sourcecode.c.objc; path = main.m; sourceTree = "<group>"; };
		7B32751D1DDE0B3A00B9AC22 /* AppDelegate.h */ = {isa = PBXFileReference; lastKnownFileType = sourcecode.c.h; path = AppDelegate.h; sourceTree = "<group>"; };
		7B32751E1DDE0B3A00B9AC22 /* AppDelegate.m */ = {isa = PBXFileReference; lastKnownFileType = sourcecode.c.objc; path = AppDelegate.m; sourceTree = "<group>"; };
		7B3275241DDE0B3A00B9AC22 /* Base */ = {isa = PBXFileReference; lastKnownFileType = file.storyboard; name = Base; path = Base.lproj/Main.storyboard; sourceTree = "<group>"; };
		7B3275271DDE0B3A00B9AC22 /* CoffeeMeetsBagel.xcdatamodel */ = {isa = PBXFileReference; lastKnownFileType = wrapper.xcdatamodel; path = CoffeeMeetsBagel.xcdatamodel; sourceTree = "<group>"; };
		7B3275291DDE0B3A00B9AC22 /* Assets.xcassets */ = {isa = PBXFileReference; lastKnownFileType = folder.assetcatalog; path = Assets.xcassets; sourceTree = "<group>"; };
		7B32752C1DDE0B3A00B9AC22 /* Base */ = {isa = PBXFileReference; lastKnownFileType = file.storyboard; name = Base; path = Base.lproj/LaunchScreen.storyboard; sourceTree = "<group>"; };
		7B32752E1DDE0B3A00B9AC22 /* Info.plist */ = {isa = PBXFileReference; lastKnownFileType = text.plist.xml; path = Info.plist; sourceTree = "<group>"; };
		7B3275331DDE0B3A00B9AC22 /* CoffeeMeetsBagelTests.xctest */ = {isa = PBXFileReference; explicitFileType = wrapper.cfbundle; includeInIndex = 0; path = CoffeeMeetsBagelTests.xctest; sourceTree = BUILT_PRODUCTS_DIR; };
		7B3275371DDE0B3A00B9AC22 /* CoffeeMeetsBagelTests.m */ = {isa = PBXFileReference; lastKnownFileType = sourcecode.c.objc; path = CoffeeMeetsBagelTests.m; sourceTree = "<group>"; };
		7B3275391DDE0B3A00B9AC22 /* Info.plist */ = {isa = PBXFileReference; lastKnownFileType = text.plist.xml; path = Info.plist; sourceTree = "<group>"; };
		7B32753E1DDE0B3A00B9AC22 /* CoffeeMeetsBagelUITests.xctest */ = {isa = PBXFileReference; explicitFileType = wrapper.cfbundle; includeInIndex = 0; path = CoffeeMeetsBagelUITests.xctest; sourceTree = BUILT_PRODUCTS_DIR; };
		7B3275421DDE0B3A00B9AC22 /* CoffeeMeetsBagelUITests.m */ = {isa = PBXFileReference; lastKnownFileType = sourcecode.c.objc; path = CoffeeMeetsBagelUITests.m; sourceTree = "<group>"; };
		7B3275441DDE0B3A00B9AC22 /* Info.plist */ = {isa = PBXFileReference; lastKnownFileType = text.plist.xml; path = Info.plist; sourceTree = "<group>"; };
		7B32755A1DDE0D4C00B9AC22 /* TeamFeedViewController.h */ = {isa = PBXFileReference; fileEncoding = 4; lastKnownFileType = sourcecode.c.h; path = TeamFeedViewController.h; sourceTree = "<group>"; };
		7B32755B1DDE0D4C00B9AC22 /* TeamFeedViewController.m */ = {isa = PBXFileReference; fileEncoding = 4; lastKnownFileType = sourcecode.c.objc; path = TeamFeedViewController.m; sourceTree = "<group>"; };
		7B32755D1DDE0D7200B9AC22 /* CBCoredataStack.h */ = {isa = PBXFileReference; fileEncoding = 4; lastKnownFileType = sourcecode.c.h; path = CBCoredataStack.h; sourceTree = "<group>"; };
		7B32755E1DDE0D7200B9AC22 /* CBCoredataStack.m */ = {isa = PBXFileReference; fileEncoding = 4; lastKnownFileType = sourcecode.c.objc; path = CBCoredataStack.m; sourceTree = "<group>"; };
		7B3275611DDE102900B9AC22 /* CoreData.framework */ = {isa = PBXFileReference; lastKnownFileType = wrapper.framework; name = CoreData.framework; path = System/Library/Frameworks/CoreData.framework; sourceTree = SDKROOT; };
		7B32756A1DDE295C00B9AC22 /* CBTeamMember.h */ = {isa = PBXFileReference; fileEncoding = 4; lastKnownFileType = sourcecode.c.h; path = CBTeamMember.h; sourceTree = "<group>"; };
		7B32756B1DDE295C00B9AC22 /* CBTeamMember.m */ = {isa = PBXFileReference; fileEncoding = 4; lastKnownFileType = sourcecode.c.objc; path = CBTeamMember.m; sourceTree = "<group>"; };
		7B32756C1DDE295C00B9AC22 /* CBTeamMember+CoreDataProperties.h */ = {isa = PBXFileReference; fileEncoding = 4; lastKnownFileType = sourcecode.c.h; path = "CBTeamMember+CoreDataProperties.h"; sourceTree = "<group>"; };
		7B32756D1DDE295C00B9AC22 /* CBTeamMember+CoreDataProperties.m */ = {isa = PBXFileReference; fileEncoding = 4; lastKnownFileType = sourcecode.c.objc; path = "CBTeamMember+CoreDataProperties.m"; sourceTree = "<group>"; };
		7B7928591DDF5A8F0033E291 /* DetailViewController.h */ = {isa = PBXFileReference; fileEncoding = 4; lastKnownFileType = sourcecode.c.h; path = DetailViewController.h; sourceTree = "<group>"; };
		7B79285A1DDF5A8F0033E291 /* DetailViewController.m */ = {isa = PBXFileReference; fileEncoding = 4; lastKnownFileType = sourcecode.c.objc; path = DetailViewController.m; sourceTree = "<group>"; };
		7B79285C1DDF7B310033E291 /* CBAvatarView.h */ = {isa = PBXFileReference; fileEncoding = 4; lastKnownFileType = sourcecode.c.h; path = CBAvatarView.h; sourceTree = "<group>"; };
		7B79285D1DDF7B310033E291 /* CBAvatarView.m */ = {isa = PBXFileReference; fileEncoding = 4; lastKnownFileType = sourcecode.c.objc; path = CBAvatarView.m; sourceTree = "<group>"; };
		7B79285F1DDFA7430033E291 /* DetailInfoView.h */ = {isa = PBXFileReference; fileEncoding = 4; lastKnownFileType = sourcecode.c.h; path = DetailInfoView.h; sourceTree = "<group>"; };
		7B7928601DDFA7430033E291 /* DetailInfoView.m */ = {isa = PBXFileReference; fileEncoding = 4; lastKnownFileType = sourcecode.c.objc; path = DetailInfoView.m; sourceTree = "<group>"; };
		7B7928621DDFA9300033E291 /* UILabel+Addition.h */ = {isa = PBXFileReference; fileEncoding = 4; lastKnownFileType = sourcecode.c.h; path = "UILabel+Addition.h"; sourceTree = "<group>"; };
		7B7928631DDFA9300033E291 /* UILabel+Addition.m */ = {isa = PBXFileReference; fileEncoding = 4; lastKnownFileType = sourcecode.c.objc; path = "UILabel+Addition.m"; sourceTree = "<group>"; };
		7B7928651DDFABC30033E291 /* UITextView+Additions.h */ = {isa = PBXFileReference; fileEncoding = 4; lastKnownFileType = sourcecode.c.h; path = "UITextView+Additions.h"; sourceTree = "<group>"; };
		7B7928661DDFABC30033E291 /* UITextView+Additions.m */ = {isa = PBXFileReference; fileEncoding = 4; lastKnownFileType = sourcecode.c.objc; path = "UITextView+Additions.m"; sourceTree = "<group>"; };
		7B7928681DDFC1AC0033E291 /* UIFont+Additions.h */ = {isa = PBXFileReference; fileEncoding = 4; lastKnownFileType = sourcecode.c.h; path = "UIFont+Additions.h"; sourceTree = "<group>"; };
		7B7928691DDFC1AC0033E291 /* UIFont+Additions.m */ = {isa = PBXFileReference; fileEncoding = 4; lastKnownFileType = sourcecode.c.objc; path = "UIFont+Additions.m"; sourceTree = "<group>"; };
		7B8C03DB1DDE30F00089FDC8 /* team.json */ = {isa = PBXFileReference; fileEncoding = 4; lastKnownFileType = text.json; path = team.json; sourceTree = "<group>"; };
		7B8C03DE1DDE38D50089FDC8 /* Common.h */ = {isa = PBXFileReference; fileEncoding = 4; lastKnownFileType = sourcecode.c.h; path = Common.h; sourceTree = "<group>"; };
		7B8C03DF1DDE38D50089FDC8 /* Common.m */ = {isa = PBXFileReference; fileEncoding = 4; lastKnownFileType = sourcecode.c.objc; path = Common.m; sourceTree = "<group>"; };
		7B8C03E21DDE3BA80089FDC8 /* CommonUI.h */ = {isa = PBXFileReference; fileEncoding = 4; lastKnownFileType = sourcecode.c.h; path = CommonUI.h; sourceTree = "<group>"; };
		7B8C03E31DDE3BA80089FDC8 /* CommonUI.m */ = {isa = PBXFileReference; fileEncoding = 4; lastKnownFileType = sourcecode.c.objc; path = CommonUI.m; sourceTree = "<group>"; };
		7B8C03E51DDE3D0B0089FDC8 /* CustomToolbar.h */ = {isa = PBXFileReference; fileEncoding = 4; lastKnownFileType = sourcecode.c.h; path = CustomToolbar.h; sourceTree = "<group>"; };
		7B8C03E61DDE3D0B0089FDC8 /* CustomToolbar.m */ = {isa = PBXFileReference; fileEncoding = 4; lastKnownFileType = sourcecode.c.objc; path = CustomToolbar.m; sourceTree = "<group>"; };
		7B8C03E81DDE42560089FDC8 /* UICollectionView+Addition.h */ = {isa = PBXFileReference; fileEncoding = 4; lastKnownFileType = sourcecode.c.h; path = "UICollectionView+Addition.h"; sourceTree = "<group>"; };
		7B8C03E91DDE42560089FDC8 /* UICollectionView+Addition.m */ = {isa = PBXFileReference; fileEncoding = 4; lastKnownFileType = sourcecode.c.objc; path = "UICollectionView+Addition.m"; sourceTree = "<group>"; };
		7B8C03EC1DDE79BD0089FDC8 /* CBAPI.h */ = {isa = PBXFileReference; fileEncoding = 4; lastKnownFileType = sourcecode.c.h; path = CBAPI.h; sourceTree = "<group>"; };
		7B8C03ED1DDE79BD0089FDC8 /* CBAPI.m */ = {isa = PBXFileReference; fileEncoding = 4; lastKnownFileType = sourcecode.c.objc; path = CBAPI.m; sourceTree = "<group>"; };
		7B8C03EF1DDE7CA40089FDC8 /* GridCollectionViewCell.h */ = {isa = PBXFileReference; fileEncoding = 4; lastKnownFileType = sourcecode.c.h; path = GridCollectionViewCell.h; sourceTree = "<group>"; };
		7B8C03F01DDE7CA40089FDC8 /* GridCollectionViewCell.m */ = {isa = PBXFileReference; fileEncoding = 4; lastKnownFileType = sourcecode.c.objc; path = GridCollectionViewCell.m; sourceTree = "<group>"; };
		7B8C03F31DDE80CC0089FDC8 /* GridLayout.h */ = {isa = PBXFileReference; fileEncoding = 4; lastKnownFileType = sourcecode.c.h; path = GridLayout.h; sourceTree = "<group>"; };
		7B8C03F41DDE80CC0089FDC8 /* GridLayout.m */ = {isa = PBXFileReference; fileEncoding = 4; lastKnownFileType = sourcecode.c.objc; path = GridLayout.m; sourceTree = "<group>"; };
		8DFD118E0F3CD8B729B2EA8E /* Pods-CoffeeMeetsBagelUITests.debug.xcconfig */ = {isa = PBXFileReference; includeInIndex = 1; lastKnownFileType = text.xcconfig; name = "Pods-CoffeeMeetsBagelUITests.debug.xcconfig"; path = "Pods/Target Support Files/Pods-CoffeeMeetsBagelUITests/Pods-CoffeeMeetsBagelUITests.debug.xcconfig"; sourceTree = "<group>"; };
		B2FE943B319F2926D98313FE /* libPods-CoffeeMeetsBagelTests.a */ = {isa = PBXFileReference; explicitFileType = archive.ar; includeInIndex = 0; path = "libPods-CoffeeMeetsBagelTests.a"; sourceTree = BUILT_PRODUCTS_DIR; };
		BE17BAB717A7AA6E3B953286 /* libPods-CoffeeMeetsBagelUITests.a */ = {isa = PBXFileReference; explicitFileType = archive.ar; includeInIndex = 0; path = "libPods-CoffeeMeetsBagelUITests.a"; sourceTree = BUILT_PRODUCTS_DIR; };
		C4EFB7F39113EFC5FB3AAB55 /* Pods-CoffeeMeetsBagelUITests.release.xcconfig */ = {isa = PBXFileReference; includeInIndex = 1; lastKnownFileType = text.xcconfig; name = "Pods-CoffeeMeetsBagelUITests.release.xcconfig"; path = "Pods/Target Support Files/Pods-CoffeeMeetsBagelUITests/Pods-CoffeeMeetsBagelUITests.release.xcconfig"; sourceTree = "<group>"; };
		FF630BA5912FDE165BF0D8FF /* Pods-CoffeeMeetsBagel.release.xcconfig */ = {isa = PBXFileReference; includeInIndex = 1; lastKnownFileType = text.xcconfig; name = "Pods-CoffeeMeetsBagel.release.xcconfig"; path = "Pods/Target Support Files/Pods-CoffeeMeetsBagel/Pods-CoffeeMeetsBagel.release.xcconfig"; sourceTree = "<group>"; };
/* End PBXFileReference section */

/* Begin PBXFrameworksBuildPhase section */
		7B3275141DDE0B3A00B9AC22 /* Frameworks */ = {
			isa = PBXFrameworksBuildPhase;
			buildActionMask = 2147483647;
			files = (
				7B3275621DDE102900B9AC22 /* CoreData.framework in Frameworks */,
				6492BE683277D7BB38237829 /* libPods-CoffeeMeetsBagel.a in Frameworks */,
			);
			runOnlyForDeploymentPostprocessing = 0;
		};
		7B3275301DDE0B3A00B9AC22 /* Frameworks */ = {
			isa = PBXFrameworksBuildPhase;
			buildActionMask = 2147483647;
			files = (
				2596A0FBCA42224A1333B058 /* libPods-CoffeeMeetsBagelTests.a in Frameworks */,
			);
			runOnlyForDeploymentPostprocessing = 0;
		};
		7B32753B1DDE0B3A00B9AC22 /* Frameworks */ = {
			isa = PBXFrameworksBuildPhase;
			buildActionMask = 2147483647;
			files = (
				265111F70000255D7BAAC896 /* libPods-CoffeeMeetsBagelUITests.a in Frameworks */,
			);
			runOnlyForDeploymentPostprocessing = 0;
		};
/* End PBXFrameworksBuildPhase section */

/* Begin PBXGroup section */
		7B32750E1DDE0B3A00B9AC22 = {
			isa = PBXGroup;
			children = (
				7B3275191DDE0B3A00B9AC22 /* CoffeeMeetsBagel */,
				7B3275361DDE0B3A00B9AC22 /* CoffeeMeetsBagelTests */,
				7B3275411DDE0B3A00B9AC22 /* CoffeeMeetsBagelUITests */,
				7B3275181DDE0B3A00B9AC22 /* Products */,
				7B3275601DDE102800B9AC22 /* Frameworks */,
				9DD114F5274813E210A90517 /* Pods */,
			);
			sourceTree = "<group>";
		};
		7B3275181DDE0B3A00B9AC22 /* Products */ = {
			isa = PBXGroup;
			children = (
				7B3275171DDE0B3A00B9AC22 /* CoffeeMeetsBagel.app */,
				7B3275331DDE0B3A00B9AC22 /* CoffeeMeetsBagelTests.xctest */,
				7B32753E1DDE0B3A00B9AC22 /* CoffeeMeetsBagelUITests.xctest */,
			);
			name = Products;
			sourceTree = "<group>";
		};
		7B3275191DDE0B3A00B9AC22 /* CoffeeMeetsBagel */ = {
			isa = PBXGroup;
			children = (
				7B32751D1DDE0B3A00B9AC22 /* AppDelegate.h */,
				7B32751E1DDE0B3A00B9AC22 /* AppDelegate.m */,
				7B8C03DD1DDE38A00089FDC8 /* CommonTools */,
				7B3275561DDE0C5E00B9AC22 /* Model */,
				7B3275571DDE0C7A00B9AC22 /* View */,
				7B3275581DDE0C8100B9AC22 /* Controller */,
				7B3275231DDE0B3A00B9AC22 /* Main.storyboard */,
				7B3275291DDE0B3A00B9AC22 /* Assets.xcassets */,
				7B32752B1DDE0B3A00B9AC22 /* LaunchScreen.storyboard */,
				7B32752E1DDE0B3A00B9AC22 /* Info.plist */,
				7B3275261DDE0B3A00B9AC22 /* CoffeeMeetsBagel.xcdatamodeld */,
				7B32751A1DDE0B3A00B9AC22 /* Supporting Files */,
			);
			path = CoffeeMeetsBagel;
			sourceTree = "<group>";
		};
		7B32751A1DDE0B3A00B9AC22 /* Supporting Files */ = {
			isa = PBXGroup;
			children = (
				7B8C03DB1DDE30F00089FDC8 /* team.json */,
				7B32751B1DDE0B3A00B9AC22 /* main.m */,
			);
			name = "Supporting Files";
			sourceTree = "<group>";
		};
		7B3275361DDE0B3A00B9AC22 /* CoffeeMeetsBagelTests */ = {
			isa = PBXGroup;
			children = (
				7B3275371DDE0B3A00B9AC22 /* CoffeeMeetsBagelTests.m */,
				7B3275391DDE0B3A00B9AC22 /* Info.plist */,
			);
			path = CoffeeMeetsBagelTests;
			sourceTree = "<group>";
		};
		7B3275411DDE0B3A00B9AC22 /* CoffeeMeetsBagelUITests */ = {
			isa = PBXGroup;
			children = (
				7B3275421DDE0B3A00B9AC22 /* CoffeeMeetsBagelUITests.m */,
				7B3275441DDE0B3A00B9AC22 /* Info.plist */,
			);
			path = CoffeeMeetsBagelUITests;
			sourceTree = "<group>";
		};
		7B3275561DDE0C5E00B9AC22 /* Model */ = {
			isa = PBXGroup;
			children = (
				7B3275591DDE0CAB00B9AC22 /* CoreDataModel */,
			);
			name = Model;
			sourceTree = "<group>";
		};
		7B3275571DDE0C7A00B9AC22 /* View */ = {
			isa = PBXGroup;
			children = (
				7B8C03F21DDE7CA90089FDC8 /* Cells */,
				7B79285F1DDFA7430033E291 /* DetailInfoView.h */,
				7B7928601DDFA7430033E291 /* DetailInfoView.m */,
				7B79285C1DDF7B310033E291 /* CBAvatarView.h */,
				7B79285D1DDF7B310033E291 /* CBAvatarView.m */,
				7B8C03E51DDE3D0B0089FDC8 /* CustomToolbar.h */,
				7B8C03E61DDE3D0B0089FDC8 /* CustomToolbar.m */,
			);
			name = View;
			sourceTree = "<group>";
		};
		7B3275581DDE0C8100B9AC22 /* Controller */ = {
			isa = PBXGroup;
			children = (
				7B32755A1DDE0D4C00B9AC22 /* TeamFeedViewController.h */,
				7B32755B1DDE0D4C00B9AC22 /* TeamFeedViewController.m */,
				7B7928591DDF5A8F0033E291 /* DetailViewController.h */,
				7B79285A1DDF5A8F0033E291 /* DetailViewController.m */,
			);
			name = Controller;
			sourceTree = "<group>";
		};
		7B3275591DDE0CAB00B9AC22 /* CoreDataModel */ = {
			isa = PBXGroup;
			children = (
				7B32756A1DDE295C00B9AC22 /* CBTeamMember.h */,
				7B32756B1DDE295C00B9AC22 /* CBTeamMember.m */,
				7B32756C1DDE295C00B9AC22 /* CBTeamMember+CoreDataProperties.h */,
				7B32756D1DDE295C00B9AC22 /* CBTeamMember+CoreDataProperties.m */,
				7B32755D1DDE0D7200B9AC22 /* CBCoredataStack.h */,
				7B32755E1DDE0D7200B9AC22 /* CBCoredataStack.m */,
			);
			name = CoreDataModel;
			sourceTree = "<group>";
		};
		7B3275601DDE102800B9AC22 /* Frameworks */ = {
			isa = PBXGroup;
			children = (
				7B3275611DDE102900B9AC22 /* CoreData.framework */,
				3414ED230362A06A67EF80F1 /* libPods-CoffeeMeetsBagel.a */,
				B2FE943B319F2926D98313FE /* libPods-CoffeeMeetsBagelTests.a */,
				BE17BAB717A7AA6E3B953286 /* libPods-CoffeeMeetsBagelUITests.a */,
			);
			name = Frameworks;
			sourceTree = "<group>";
		};
		7B8C03DD1DDE38A00089FDC8 /* CommonTools */ = {
			isa = PBXGroup;
			children = (
				7B8C03F31DDE80CC0089FDC8 /* GridLayout.h */,
				7B8C03F41DDE80CC0089FDC8 /* GridLayout.m */,
				7B8C03EB1DDE425D0089FDC8 /* Categories */,
				7B8C03EC1DDE79BD0089FDC8 /* CBAPI.h */,
				7B8C03ED1DDE79BD0089FDC8 /* CBAPI.m */,
				7B8C03E21DDE3BA80089FDC8 /* CommonUI.h */,
				7B8C03E31DDE3BA80089FDC8 /* CommonUI.m */,
				7B8C03DE1DDE38D50089FDC8 /* Common.h */,
				7B8C03DF1DDE38D50089FDC8 /* Common.m */,
			);
			name = CommonTools;
			sourceTree = "<group>";
		};
		7B8C03EB1DDE425D0089FDC8 /* Categories */ = {
			isa = PBXGroup;
			children = (
				7B7928651DDFABC30033E291 /* UITextView+Additions.h */,
				7B7928661DDFABC30033E291 /* UITextView+Additions.m */,
				7B7928681DDFC1AC0033E291 /* UIFont+Additions.h */,
				7B7928691DDFC1AC0033E291 /* UIFont+Additions.m */,
				7B7928621DDFA9300033E291 /* UILabel+Addition.h */,
				7B7928631DDFA9300033E291 /* UILabel+Addition.m */,
				7B8C03E81DDE42560089FDC8 /* UICollectionView+Addition.h */,
				7B8C03E91DDE42560089FDC8 /* UICollectionView+Addition.m */,
			);
			name = Categories;
			sourceTree = "<group>";
		};
		7B8C03F21DDE7CA90089FDC8 /* Cells */ = {
			isa = PBXGroup;
			children = (
				7B8C03EF1DDE7CA40089FDC8 /* GridCollectionViewCell.h */,
				7B8C03F01DDE7CA40089FDC8 /* GridCollectionViewCell.m */,
			);
			name = Cells;
			sourceTree = "<group>";
		};
		9DD114F5274813E210A90517 /* Pods */ = {
			isa = PBXGroup;
			children = (
				1D492C3232F71DB2614BC682 /* Pods-CoffeeMeetsBagel.debug.xcconfig */,
				FF630BA5912FDE165BF0D8FF /* Pods-CoffeeMeetsBagel.release.xcconfig */,
				1BD44A20B432C59EF90C19A5 /* Pods-CoffeeMeetsBagelTests.debug.xcconfig */,
				3ABF01AFF0D8B9E913F0FDDF /* Pods-CoffeeMeetsBagelTests.release.xcconfig */,
				8DFD118E0F3CD8B729B2EA8E /* Pods-CoffeeMeetsBagelUITests.debug.xcconfig */,
				C4EFB7F39113EFC5FB3AAB55 /* Pods-CoffeeMeetsBagelUITests.release.xcconfig */,
			);
			name = Pods;
			sourceTree = "<group>";
		};
/* End PBXGroup section */

/* Begin PBXNativeTarget section */
		7B3275161DDE0B3A00B9AC22 /* CoffeeMeetsBagel */ = {
			isa = PBXNativeTarget;
			buildConfigurationList = 7B3275471DDE0B3A00B9AC22 /* Build configuration list for PBXNativeTarget "CoffeeMeetsBagel" */;
			buildPhases = (
				3D6ED8C2E17DA8A6901952E2 /* [CP] Check Pods Manifest.lock */,
				7B3275131DDE0B3A00B9AC22 /* Sources */,
				7B3275141DDE0B3A00B9AC22 /* Frameworks */,
				7B3275151DDE0B3A00B9AC22 /* Resources */,
				D820BD870683B4FA6C46F22D /* [CP] Embed Pods Frameworks */,
				46F35593EA858ACE36D0B1CD /* [CP] Copy Pods Resources */,
			);
			buildRules = (
			);
			dependencies = (
			);
			name = CoffeeMeetsBagel;
			productName = CoffeeMeetsBagel;
			productReference = 7B3275171DDE0B3A00B9AC22 /* CoffeeMeetsBagel.app */;
			productType = "com.apple.product-type.application";
		};
		7B3275321DDE0B3A00B9AC22 /* CoffeeMeetsBagelTests */ = {
			isa = PBXNativeTarget;
			buildConfigurationList = 7B32754A1DDE0B3A00B9AC22 /* Build configuration list for PBXNativeTarget "CoffeeMeetsBagelTests" */;
			buildPhases = (
				B31C39372233EC4B5CC61156 /* [CP] Check Pods Manifest.lock */,
				7B32752F1DDE0B3A00B9AC22 /* Sources */,
				7B3275301DDE0B3A00B9AC22 /* Frameworks */,
				7B3275311DDE0B3A00B9AC22 /* Resources */,
				1830DD63C486FF8A5318D050 /* [CP] Embed Pods Frameworks */,
				16EEE9C23E04EC047C6EB7E8 /* [CP] Copy Pods Resources */,
			);
			buildRules = (
			);
			dependencies = (
				7B3275351DDE0B3A00B9AC22 /* PBXTargetDependency */,
			);
			name = CoffeeMeetsBagelTests;
			productName = CoffeeMeetsBagelTests;
			productReference = 7B3275331DDE0B3A00B9AC22 /* CoffeeMeetsBagelTests.xctest */;
			productType = "com.apple.product-type.bundle.unit-test";
		};
		7B32753D1DDE0B3A00B9AC22 /* CoffeeMeetsBagelUITests */ = {
			isa = PBXNativeTarget;
			buildConfigurationList = 7B32754D1DDE0B3A00B9AC22 /* Build configuration list for PBXNativeTarget "CoffeeMeetsBagelUITests" */;
			buildPhases = (
				8F0017DC68CE00BED1A69704 /* [CP] Check Pods Manifest.lock */,
				7B32753A1DDE0B3A00B9AC22 /* Sources */,
				7B32753B1DDE0B3A00B9AC22 /* Frameworks */,
				7B32753C1DDE0B3A00B9AC22 /* Resources */,
				01E952CFE95596C262C990E6 /* [CP] Copy Pods Resources */,
			);
			buildRules = (
			);
			dependencies = (
				7B3275401DDE0B3A00B9AC22 /* PBXTargetDependency */,
			);
			name = CoffeeMeetsBagelUITests;
			productName = CoffeeMeetsBagelUITests;
			productReference = 7B32753E1DDE0B3A00B9AC22 /* CoffeeMeetsBagelUITests.xctest */;
			productType = "com.apple.product-type.bundle.ui-testing";
		};
/* End PBXNativeTarget section */

/* Begin PBXProject section */
		7B32750F1DDE0B3A00B9AC22 /* Project object */ = {
			isa = PBXProject;
			attributes = {
				LastUpgradeCheck = 0810;
				ORGANIZATIONNAME = "James Rochabrun";
				TargetAttributes = {
					7B3275161DDE0B3A00B9AC22 = {
						CreatedOnToolsVersion = 8.1;
						DevelopmentTeam = ULU46F325W;
						ProvisioningStyle = Automatic;
					};
					7B3275321DDE0B3A00B9AC22 = {
						CreatedOnToolsVersion = 8.1;
						DevelopmentTeam = ULU46F325W;
						ProvisioningStyle = Automatic;
						TestTargetID = 7B3275161DDE0B3A00B9AC22;
					};
					7B32753D1DDE0B3A00B9AC22 = {
						CreatedOnToolsVersion = 8.1;
						DevelopmentTeam = ULU46F325W;
						ProvisioningStyle = Automatic;
						TestTargetID = 7B3275161DDE0B3A00B9AC22;
					};
				};
			};
			buildConfigurationList = 7B3275121DDE0B3A00B9AC22 /* Build configuration list for PBXProject "CoffeeMeetsBagel" */;
			compatibilityVersion = "Xcode 3.2";
			developmentRegion = English;
			hasScannedForEncodings = 0;
			knownRegions = (
				en,
				Base,
			);
			mainGroup = 7B32750E1DDE0B3A00B9AC22;
			productRefGroup = 7B3275181DDE0B3A00B9AC22 /* Products */;
			projectDirPath = "";
			projectRoot = "";
			targets = (
				7B3275161DDE0B3A00B9AC22 /* CoffeeMeetsBagel */,
				7B3275321DDE0B3A00B9AC22 /* CoffeeMeetsBagelTests */,
				7B32753D1DDE0B3A00B9AC22 /* CoffeeMeetsBagelUITests */,
			);
		};
/* End PBXProject section */

/* Begin PBXResourcesBuildPhase section */
		7B3275151DDE0B3A00B9AC22 /* Resources */ = {
			isa = PBXResourcesBuildPhase;
			buildActionMask = 2147483647;
			files = (
				7B8C03DC1DDE30F00089FDC8 /* team.json in Resources */,
				7B32752D1DDE0B3A00B9AC22 /* LaunchScreen.storyboard in Resources */,
				7B32752A1DDE0B3A00B9AC22 /* Assets.xcassets in Resources */,
				7B3275251DDE0B3A00B9AC22 /* Main.storyboard in Resources */,
			);
			runOnlyForDeploymentPostprocessing = 0;
		};
		7B3275311DDE0B3A00B9AC22 /* Resources */ = {
			isa = PBXResourcesBuildPhase;
			buildActionMask = 2147483647;
			files = (
			);
			runOnlyForDeploymentPostprocessing = 0;
		};
		7B32753C1DDE0B3A00B9AC22 /* Resources */ = {
			isa = PBXResourcesBuildPhase;
			buildActionMask = 2147483647;
			files = (
			);
			runOnlyForDeploymentPostprocessing = 0;
		};
/* End PBXResourcesBuildPhase section */

/* Begin PBXShellScriptBuildPhase section */
		01E952CFE95596C262C990E6 /* [CP] Copy Pods Resources */ = {
			isa = PBXShellScriptBuildPhase;
			buildActionMask = 2147483647;
			files = (
			);
			inputPaths = (
			);
			name = "[CP] Copy Pods Resources";
			outputPaths = (
			);
			runOnlyForDeploymentPostprocessing = 0;
			shellPath = /bin/sh;
			shellScript = "\"${SRCROOT}/Pods/Target Support Files/Pods-CoffeeMeetsBagelUITests/Pods-CoffeeMeetsBagelUITests-resources.sh\"\n";
			showEnvVarsInLog = 0;
		};
		16EEE9C23E04EC047C6EB7E8 /* [CP] Copy Pods Resources */ = {
			isa = PBXShellScriptBuildPhase;
			buildActionMask = 2147483647;
			files = (
			);
			inputPaths = (
			);
			name = "[CP] Copy Pods Resources";
			outputPaths = (
			);
			runOnlyForDeploymentPostprocessing = 0;
			shellPath = /bin/sh;
			shellScript = "\"${SRCROOT}/Pods/Target Support Files/Pods-CoffeeMeetsBagelTests/Pods-CoffeeMeetsBagelTests-resources.sh\"\n";
			showEnvVarsInLog = 0;
		};
		1830DD63C486FF8A5318D050 /* [CP] Embed Pods Frameworks */ = {
			isa = PBXShellScriptBuildPhase;
			buildActionMask = 2147483647;
			files = (
			);
			inputPaths = (
			);
			name = "[CP] Embed Pods Frameworks";
			outputPaths = (
			);
			runOnlyForDeploymentPostprocessing = 0;
			shellPath = /bin/sh;
			shellScript = "\"${SRCROOT}/Pods/Target Support Files/Pods-CoffeeMeetsBagelTests/Pods-CoffeeMeetsBagelTests-frameworks.sh\"\n";
			showEnvVarsInLog = 0;
		};
		3D6ED8C2E17DA8A6901952E2 /* [CP] Check Pods Manifest.lock */ = {
			isa = PBXShellScriptBuildPhase;
			buildActionMask = 2147483647;
			files = (
			);
			inputPaths = (
			);
			name = "[CP] Check Pods Manifest.lock";
			outputPaths = (
			);
			runOnlyForDeploymentPostprocessing = 0;
			shellPath = /bin/sh;
			shellScript = "diff \"${PODS_ROOT}/../Podfile.lock\" \"${PODS_ROOT}/Manifest.lock\" > /dev/null\nif [[ $? != 0 ]] ; then\n    cat << EOM\nerror: The sandbox is not in sync with the Podfile.lock. Run 'pod install' or update your CocoaPods installation.\nEOM\n    exit 1\nfi\n";
			showEnvVarsInLog = 0;
		};
		46F35593EA858ACE36D0B1CD /* [CP] Copy Pods Resources */ = {
			isa = PBXShellScriptBuildPhase;
			buildActionMask = 2147483647;
			files = (
			);
			inputPaths = (
			);
			name = "[CP] Copy Pods Resources";
			outputPaths = (
			);
			runOnlyForDeploymentPostprocessing = 0;
			shellPath = /bin/sh;
			shellScript = "\"${SRCROOT}/Pods/Target Support Files/Pods-CoffeeMeetsBagel/Pods-CoffeeMeetsBagel-resources.sh\"\n";
			showEnvVarsInLog = 0;
		};
		8F0017DC68CE00BED1A69704 /* [CP] Check Pods Manifest.lock */ = {
			isa = PBXShellScriptBuildPhase;
			buildActionMask = 2147483647;
			files = (
			);
			inputPaths = (
			);
			name = "[CP] Check Pods Manifest.lock";
			outputPaths = (
			);
			runOnlyForDeploymentPostprocessing = 0;
			shellPath = /bin/sh;
			shellScript = "diff \"${PODS_ROOT}/../Podfile.lock\" \"${PODS_ROOT}/Manifest.lock\" > /dev/null\nif [[ $? != 0 ]] ; then\n    cat << EOM\nerror: The sandbox is not in sync with the Podfile.lock. Run 'pod install' or update your CocoaPods installation.\nEOM\n    exit 1\nfi\n";
			showEnvVarsInLog = 0;
		};
		B31C39372233EC4B5CC61156 /* [CP] Check Pods Manifest.lock */ = {
			isa = PBXShellScriptBuildPhase;
			buildActionMask = 2147483647;
			files = (
			);
			inputPaths = (
			);
			name = "[CP] Check Pods Manifest.lock";
			outputPaths = (
			);
			runOnlyForDeploymentPostprocessing = 0;
			shellPath = /bin/sh;
			shellScript = "diff \"${PODS_ROOT}/../Podfile.lock\" \"${PODS_ROOT}/Manifest.lock\" > /dev/null\nif [[ $? != 0 ]] ; then\n    cat << EOM\nerror: The sandbox is not in sync with the Podfile.lock. Run 'pod install' or update your CocoaPods installation.\nEOM\n    exit 1\nfi\n";
			showEnvVarsInLog = 0;
		};
		D820BD870683B4FA6C46F22D /* [CP] Embed Pods Frameworks */ = {
			isa = PBXShellScriptBuildPhase;
			buildActionMask = 2147483647;
			files = (
			);
			inputPaths = (
			);
			name = "[CP] Embed Pods Frameworks";
			outputPaths = (
			);
			runOnlyForDeploymentPostprocessing = 0;
			shellPath = /bin/sh;
			shellScript = "\"${SRCROOT}/Pods/Target Support Files/Pods-CoffeeMeetsBagel/Pods-CoffeeMeetsBagel-frameworks.sh\"\n";
			showEnvVarsInLog = 0;
		};
/* End PBXShellScriptBuildPhase section */

/* Begin PBXSourcesBuildPhase section */
		7B3275131DDE0B3A00B9AC22 /* Sources */ = {
			isa = PBXSourcesBuildPhase;
			buildActionMask = 2147483647;
			files = (
				7B3275701DDE2BD500B9AC22 /* CoffeeMeetsBagel.xcdatamodeld in Sources */,
				7B8C03EA1DDE42560089FDC8 /* UICollectionView+Addition.m in Sources */,
				7B32751F1DDE0B3A00B9AC22 /* AppDelegate.m in Sources */,
				7B8C03E71DDE3D0B0089FDC8 /* CustomToolbar.m in Sources */,
				7B32756F1DDE295C00B9AC22 /* CBTeamMember+CoreDataProperties.m in Sources */,
				7B79285B1DDF5A8F0033E291 /* DetailViewController.m in Sources */,
				7B8C03F11DDE7CA40089FDC8 /* GridCollectionViewCell.m in Sources */,
				7B32755F1DDE0D7200B9AC22 /* CBCoredataStack.m in Sources */,
				7B7928641DDFA9300033E291 /* UILabel+Addition.m in Sources */,
				7B79285E1DDF7B310033E291 /* CBAvatarView.m in Sources */,
				7B8C03E01DDE38D50089FDC8 /* Common.m in Sources */,
				7B32751C1DDE0B3A00B9AC22 /* main.m in Sources */,
				7B79286A1DDFC1AC0033E291 /* UIFont+Additions.m in Sources */,
				7B7928611DDFA7430033E291 /* DetailInfoView.m in Sources */,
				7B8C03F51DDE80CC0089FDC8 /* GridLayout.m in Sources */,
				7B32755C1DDE0D4C00B9AC22 /* TeamFeedViewController.m in Sources */,
				7B7928671DDFABC30033E291 /* UITextView+Additions.m in Sources */,
				7B8C03EE1DDE79BD0089FDC8 /* CBAPI.m in Sources */,
				7B8C03E41DDE3BA80089FDC8 /* CommonUI.m in Sources */,
				7B32756E1DDE295C00B9AC22 /* CBTeamMember.m in Sources */,
			);
			runOnlyForDeploymentPostprocessing = 0;
		};
		7B32752F1DDE0B3A00B9AC22 /* Sources */ = {
			isa = PBXSourcesBuildPhase;
			buildActionMask = 2147483647;
			files = (
				7B3275381DDE0B3A00B9AC22 /* CoffeeMeetsBagelTests.m in Sources */,
			);
			runOnlyForDeploymentPostprocessing = 0;
		};
		7B32753A1DDE0B3A00B9AC22 /* Sources */ = {
			isa = PBXSourcesBuildPhase;
			buildActionMask = 2147483647;
			files = (
				7B3275431DDE0B3A00B9AC22 /* CoffeeMeetsBagelUITests.m in Sources */,
			);
			runOnlyForDeploymentPostprocessing = 0;
		};
/* End PBXSourcesBuildPhase section */

/* Begin PBXTargetDependency section */
		7B3275351DDE0B3A00B9AC22 /* PBXTargetDependency */ = {
			isa = PBXTargetDependency;
			target = 7B3275161DDE0B3A00B9AC22 /* CoffeeMeetsBagel */;
			targetProxy = 7B3275341DDE0B3A00B9AC22 /* PBXContainerItemProxy */;
		};
		7B3275401DDE0B3A00B9AC22 /* PBXTargetDependency */ = {
			isa = PBXTargetDependency;
			target = 7B3275161DDE0B3A00B9AC22 /* CoffeeMeetsBagel */;
			targetProxy = 7B32753F1DDE0B3A00B9AC22 /* PBXContainerItemProxy */;
		};
/* End PBXTargetDependency section */

/* Begin PBXVariantGroup section */
		7B3275231DDE0B3A00B9AC22 /* Main.storyboard */ = {
			isa = PBXVariantGroup;
			children = (
				7B3275241DDE0B3A00B9AC22 /* Base */,
			);
			name = Main.storyboard;
			sourceTree = "<group>";
		};
		7B32752B1DDE0B3A00B9AC22 /* LaunchScreen.storyboard */ = {
			isa = PBXVariantGroup;
			children = (
				7B32752C1DDE0B3A00B9AC22 /* Base */,
			);
			name = LaunchScreen.storyboard;
			sourceTree = "<group>";
		};
/* End PBXVariantGroup section */

/* Begin XCBuildConfiguration section */
		7B3275451DDE0B3A00B9AC22 /* Debug */ = {
			isa = XCBuildConfiguration;
			buildSettings = {
				ALWAYS_SEARCH_USER_PATHS = NO;
				CLANG_ANALYZER_NONNULL = YES;
				CLANG_CXX_LANGUAGE_STANDARD = "gnu++0x";
				CLANG_CXX_LIBRARY = "libc++";
				CLANG_ENABLE_MODULES = YES;
				CLANG_ENABLE_OBJC_ARC = YES;
				CLANG_WARN_BOOL_CONVERSION = YES;
				CLANG_WARN_CONSTANT_CONVERSION = YES;
				CLANG_WARN_DIRECT_OBJC_ISA_USAGE = YES_ERROR;
				CLANG_WARN_DOCUMENTATION_COMMENTS = YES;
				CLANG_WARN_EMPTY_BODY = YES;
				CLANG_WARN_ENUM_CONVERSION = YES;
				CLANG_WARN_INFINITE_RECURSION = YES;
				CLANG_WARN_INT_CONVERSION = YES;
				CLANG_WARN_OBJC_ROOT_CLASS = YES_ERROR;
				CLANG_WARN_SUSPICIOUS_MOVE = YES;
				CLANG_WARN_SUSPICIOUS_MOVES = YES;
				CLANG_WARN_UNREACHABLE_CODE = YES;
				CLANG_WARN__DUPLICATE_METHOD_MATCH = YES;
				"CODE_SIGN_IDENTITY[sdk=iphoneos*]" = "iPhone Developer";
				COPY_PHASE_STRIP = NO;
				DEBUG_INFORMATION_FORMAT = dwarf;
				ENABLE_STRICT_OBJC_MSGSEND = YES;
				ENABLE_TESTABILITY = YES;
				GCC_C_LANGUAGE_STANDARD = gnu99;
				GCC_DYNAMIC_NO_PIC = NO;
				GCC_NO_COMMON_BLOCKS = YES;
				GCC_OPTIMIZATION_LEVEL = 0;
				GCC_PREPROCESSOR_DEFINITIONS = (
					"DEBUG=1",
					"$(inherited)",
				);
				GCC_WARN_64_TO_32_BIT_CONVERSION = YES;
				GCC_WARN_ABOUT_RETURN_TYPE = YES_ERROR;
				GCC_WARN_UNDECLARED_SELECTOR = YES;
				GCC_WARN_UNINITIALIZED_AUTOS = YES_AGGRESSIVE;
				GCC_WARN_UNUSED_FUNCTION = YES;
				GCC_WARN_UNUSED_VARIABLE = YES;
				IPHONEOS_DEPLOYMENT_TARGET = 10.0;
				MTL_ENABLE_DEBUG_INFO = YES;
				ONLY_ACTIVE_ARCH = YES;
				SDKROOT = iphoneos;
				TARGETED_DEVICE_FAMILY = "1,2";
			};
			name = Debug;
		};
		7B3275461DDE0B3A00B9AC22 /* Release */ = {
			isa = XCBuildConfiguration;
			buildSettings = {
				ALWAYS_SEARCH_USER_PATHS = NO;
				CLANG_ANALYZER_NONNULL = YES;
				CLANG_CXX_LANGUAGE_STANDARD = "gnu++0x";
				CLANG_CXX_LIBRARY = "libc++";
				CLANG_ENABLE_MODULES = YES;
				CLANG_ENABLE_OBJC_ARC = YES;
				CLANG_WARN_BOOL_CONVERSION = YES;
				CLANG_WARN_CONSTANT_CONVERSION = YES;
				CLANG_WARN_DIRECT_OBJC_ISA_USAGE = YES_ERROR;
				CLANG_WARN_DOCUMENTATION_COMMENTS = YES;
				CLANG_WARN_EMPTY_BODY = YES;
				CLANG_WARN_ENUM_CONVERSION = YES;
				CLANG_WARN_INFINITE_RECURSION = YES;
				CLANG_WARN_INT_CONVERSION = YES;
				CLANG_WARN_OBJC_ROOT_CLASS = YES_ERROR;
				CLANG_WARN_SUSPICIOUS_MOVE = YES;
				CLANG_WARN_SUSPICIOUS_MOVES = YES;
				CLANG_WARN_UNREACHABLE_CODE = YES;
				CLANG_WARN__DUPLICATE_METHOD_MATCH = YES;
				"CODE_SIGN_IDENTITY[sdk=iphoneos*]" = "iPhone Developer";
				COPY_PHASE_STRIP = NO;
				DEBUG_INFORMATION_FORMAT = "dwarf-with-dsym";
				ENABLE_NS_ASSERTIONS = NO;
				ENABLE_STRICT_OBJC_MSGSEND = YES;
				GCC_C_LANGUAGE_STANDARD = gnu99;
				GCC_NO_COMMON_BLOCKS = YES;
				GCC_WARN_64_TO_32_BIT_CONVERSION = YES;
				GCC_WARN_ABOUT_RETURN_TYPE = YES_ERROR;
				GCC_WARN_UNDECLARED_SELECTOR = YES;
				GCC_WARN_UNINITIALIZED_AUTOS = YES_AGGRESSIVE;
				GCC_WARN_UNUSED_FUNCTION = YES;
				GCC_WARN_UNUSED_VARIABLE = YES;
				IPHONEOS_DEPLOYMENT_TARGET = 10.0;
				MTL_ENABLE_DEBUG_INFO = NO;
				SDKROOT = iphoneos;
				TARGETED_DEVICE_FAMILY = "1,2";
				VALIDATE_PRODUCT = YES;
			};
			name = Release;
		};
		7B3275481DDE0B3A00B9AC22 /* Debug */ = {
			isa = XCBuildConfiguration;
			baseConfigurationReference = 1D492C3232F71DB2614BC682 /* Pods-CoffeeMeetsBagel.debug.xcconfig */;
			buildSettings = {
				ASSETCATALOG_COMPILER_APPICON_NAME = AppIcon;
				DEVELOPMENT_TEAM = ULU46F325W;
				INFOPLIST_FILE = CoffeeMeetsBagel/Info.plist;
				LD_RUNPATH_SEARCH_PATHS = "$(inherited) @executable_path/Frameworks";
				PRODUCT_BUNDLE_IDENTIFIER = com.speedelo.CoffeeMeetsBagel;
				PRODUCT_NAME = "$(TARGET_NAME)";
			};
			name = Debug;
		};
		7B3275491DDE0B3A00B9AC22 /* Release */ = {
			isa = XCBuildConfiguration;
			baseConfigurationReference = FF630BA5912FDE165BF0D8FF /* Pods-CoffeeMeetsBagel.release.xcconfig */;
			buildSettings = {
				ASSETCATALOG_COMPILER_APPICON_NAME = AppIcon;
				DEVELOPMENT_TEAM = ULU46F325W;
				INFOPLIST_FILE = CoffeeMeetsBagel/Info.plist;
				LD_RUNPATH_SEARCH_PATHS = "$(inherited) @executable_path/Frameworks";
				PRODUCT_BUNDLE_IDENTIFIER = com.speedelo.CoffeeMeetsBagel;
				PRODUCT_NAME = "$(TARGET_NAME)";
			};
			name = Release;
		};
		7B32754B1DDE0B3A00B9AC22 /* Debug */ = {
			isa = XCBuildConfiguration;
			baseConfigurationReference = 1BD44A20B432C59EF90C19A5 /* Pods-CoffeeMeetsBagelTests.debug.xcconfig */;
			buildSettings = {
				BUNDLE_LOADER = "$(TEST_HOST)";
				DEVELOPMENT_TEAM = ULU46F325W;
				INFOPLIST_FILE = CoffeeMeetsBagelTests/Info.plist;
				LD_RUNPATH_SEARCH_PATHS = "$(inherited) @executable_path/Frameworks @loader_path/Frameworks";
				PRODUCT_BUNDLE_IDENTIFIER = com.speedelo.CoffeeMeetsBagelTests;
				PRODUCT_NAME = "$(TARGET_NAME)";
				TEST_HOST = "$(BUILT_PRODUCTS_DIR)/CoffeeMeetsBagel.app/CoffeeMeetsBagel";
			};
			name = Debug;
		};
		7B32754C1DDE0B3A00B9AC22 /* Release */ = {
			isa = XCBuildConfiguration;
			baseConfigurationReference = 3ABF01AFF0D8B9E913F0FDDF /* Pods-CoffeeMeetsBagelTests.release.xcconfig */;
			buildSettings = {
				BUNDLE_LOADER = "$(TEST_HOST)";
				DEVELOPMENT_TEAM = ULU46F325W;
				INFOPLIST_FILE = CoffeeMeetsBagelTests/Info.plist;
				LD_RUNPATH_SEARCH_PATHS = "$(inherited) @executable_path/Frameworks @loader_path/Frameworks";
				PRODUCT_BUNDLE_IDENTIFIER = com.speedelo.CoffeeMeetsBagelTests;
				PRODUCT_NAME = "$(TARGET_NAME)";
				TEST_HOST = "$(BUILT_PRODUCTS_DIR)/CoffeeMeetsBagel.app/CoffeeMeetsBagel";
			};
			name = Release;
		};
		7B32754E1DDE0B3A00B9AC22 /* Debug */ = {
			isa = XCBuildConfiguration;
			baseConfigurationReference = 8DFD118E0F3CD8B729B2EA8E /* Pods-CoffeeMeetsBagelUITests.debug.xcconfig */;
			buildSettings = {
				DEVELOPMENT_TEAM = ULU46F325W;
				INFOPLIST_FILE = CoffeeMeetsBagelUITests/Info.plist;
				LD_RUNPATH_SEARCH_PATHS = "$(inherited) @executable_path/Frameworks @loader_path/Frameworks";
				PRODUCT_BUNDLE_IDENTIFIER = com.speedelo.CoffeeMeetsBagelUITests;
				PRODUCT_NAME = "$(TARGET_NAME)";
				TEST_TARGET_NAME = CoffeeMeetsBagel;
			};
			name = Debug;
		};
		7B32754F1DDE0B3A00B9AC22 /* Release */ = {
			isa = XCBuildConfiguration;
			baseConfigurationReference = C4EFB7F39113EFC5FB3AAB55 /* Pods-CoffeeMeetsBagelUITests.release.xcconfig */;
			buildSettings = {
				DEVELOPMENT_TEAM = ULU46F325W;
				INFOPLIST_FILE = CoffeeMeetsBagelUITests/Info.plist;
				LD_RUNPATH_SEARCH_PATHS = "$(inherited) @executable_path/Frameworks @loader_path/Frameworks";
				PRODUCT_BUNDLE_IDENTIFIER = com.speedelo.CoffeeMeetsBagelUITests;
				PRODUCT_NAME = "$(TARGET_NAME)";
				TEST_TARGET_NAME = CoffeeMeetsBagel;
			};
			name = Release;
		};
/* End XCBuildConfiguration section */

/* Begin XCConfigurationList section */
		7B3275121DDE0B3A00B9AC22 /* Build configuration list for PBXProject "CoffeeMeetsBagel" */ = {
			isa = XCConfigurationList;
			buildConfigurations = (
				7B3275451DDE0B3A00B9AC22 /* Debug */,
				7B3275461DDE0B3A00B9AC22 /* Release */,
			);
			defaultConfigurationIsVisible = 0;
			defaultConfigurationName = Release;
		};
		7B3275471DDE0B3A00B9AC22 /* Build configuration list for PBXNativeTarget "CoffeeMeetsBagel" */ = {
			isa = XCConfigurationList;
			buildConfigurations = (
				7B3275481DDE0B3A00B9AC22 /* Debug */,
				7B3275491DDE0B3A00B9AC22 /* Release */,
			);
			defaultConfigurationIsVisible = 0;
			defaultConfigurationName = Release;
		};
		7B32754A1DDE0B3A00B9AC22 /* Build configuration list for PBXNativeTarget "CoffeeMeetsBagelTests" */ = {
			isa = XCConfigurationList;
			buildConfigurations = (
				7B32754B1DDE0B3A00B9AC22 /* Debug */,
				7B32754C1DDE0B3A00B9AC22 /* Release */,
			);
			defaultConfigurationIsVisible = 0;
			defaultConfigurationName = Release;
		};
		7B32754D1DDE0B3A00B9AC22 /* Build configuration list for PBXNativeTarget "CoffeeMeetsBagelUITests" */ = {
			isa = XCConfigurationList;
			buildConfigurations = (
				7B32754E1DDE0B3A00B9AC22 /* Debug */,
				7B32754F1DDE0B3A00B9AC22 /* Release */,
			);
			defaultConfigurationIsVisible = 0;
			defaultConfigurationName = Release;
		};
/* End XCConfigurationList section */

/* Begin XCVersionGroup section */
		7B3275261DDE0B3A00B9AC22 /* CoffeeMeetsBagel.xcdatamodeld */ = {
			isa = XCVersionGroup;
			children = (
				7B3275271DDE0B3A00B9AC22 /* CoffeeMeetsBagel.xcdatamodel */,
			);
			currentVersion = 7B3275271DDE0B3A00B9AC22 /* CoffeeMeetsBagel.xcdatamodel */;
			path = CoffeeMeetsBagel.xcdatamodeld;
			sourceTree = "<group>";
			versionGroupType = wrapper.xcdatamodel;
		};
/* End XCVersionGroup section */
	};
	rootObject = 7B32750F1DDE0B3A00B9AC22 /* Project object */;
}
